{
  "version": 4,
  "terraform_version": "1.1.6",
  "serial": 156,
  "lineage": "f72ca501-1e3c-e193-3d43-4d3a70806ec3",
  "outputs": {},
  "resources": [
    {
      "mode": "managed",
      "type": "aws_eip",
      "name": "nateIP",
      "provider": "provider[\"registry.terraform.io/hashicorp/aws\"]",
      "instances": [
        {
          "schema_version": 0,
          "attributes": {
            "address": null,
            "allocation_id": "eipalloc-0fc59de54567a8a2d",
            "associate_with_private_ip": null,
            "association_id": "eipassoc-0b370ffbeaed4bd94",
            "carrier_ip": "",
            "customer_owned_ip": "",
            "customer_owned_ipv4_pool": "",
            "domain": "vpc",
            "id": "eipalloc-0fc59de54567a8a2d",
            "instance": "",
            "network_border_group": "us-west-1",
            "network_interface": "eni-0998140e88671a664",
            "private_dns": "ip-10-10-2-106.us-west-1.compute.internal",
            "private_ip": "10.10.2.106",
            "public_dns": "ec2-52-9-162-89.us-west-1.compute.amazonaws.com",
            "public_ip": "52.9.162.89",
            "public_ipv4_pool": "amazon",
            "tags": {
              "Author": "Usman Aslam",
              "Name": "Elastic IP for Nat Gateway",
              "Team": "John, Afreen, Jawad, Usman"
            },
            "tags_all": {
              "Author": "Usman Aslam",
              "Name": "Elastic IP for Nat Gateway",
              "Team": "John, Afreen, Jawad, Usman"
            },
            "timeouts": null,
            "vpc": true
          },
          "sensitive_attributes": [],
          "private": "eyJlMmJmYjczMC1lY2FhLTExZTYtOGY4OC0zNDM2M2JjN2M0YzAiOnsiZGVsZXRlIjoxODAwMDAwMDAwMDAsInJlYWQiOjkwMDAwMDAwMDAwMCwidXBkYXRlIjozMDAwMDAwMDAwMDB9fQ=="
        }
      ]
    },
    {
      "mode": "managed",
      "type": "aws_internet_gateway",
      "name": "IGW",
      "provider": "provider[\"registry.terraform.io/hashicorp/aws\"]",
      "instances": [
        {
          "schema_version": 0,
          "attributes": {
            "arn": "arn:aws:ec2:us-west-1:013113200357:internet-gateway/igw-0c257d0c29ed9506c",
            "id": "igw-0c257d0c29ed9506c",
            "owner_id": "013113200357",
            "tags": {
              "Author": "Usman Aslam",
              "Name": "Public VPC: Internet Gateway",
              "Team": "John, Afreen, Jawad, Usman"
            },
            "tags_all": {
              "Author": "Usman Aslam",
              "Name": "Public VPC: Internet Gateway",
              "Team": "John, Afreen, Jawad, Usman"
            },
            "vpc_id": "vpc-0f05d471771a8bd10"
          },
          "sensitive_attributes": [],
          "private": "bnVsbA==",
          "dependencies": [
            "aws_vpc.PublicVPC"
          ]
        }
      ]
    },
    {
      "mode": "managed",
      "type": "aws_nat_gateway",
      "name": "NATgw",
      "provider": "provider[\"registry.terraform.io/hashicorp/aws\"]",
      "instances": [
        {
          "schema_version": 0,
          "attributes": {
            "allocation_id": "eipalloc-0fc59de54567a8a2d",
            "connectivity_type": "public",
            "id": "nat-0d44cd208c86f91f7",
            "network_interface_id": "eni-0998140e88671a664",
            "private_ip": "10.10.2.106",
            "public_ip": "52.9.162.89",
            "subnet_id": "subnet-0c36b37c2f9f9db3d",
            "tags": {
              "Author": "Usman Aslam",
              "Name": "Publiv VPC: Nat Gateway",
              "Team": "John, Afreen, Jawad, Usman"
            },
            "tags_all": {
              "Author": "Usman Aslam",
              "Name": "Publiv VPC: Nat Gateway",
              "Team": "John, Afreen, Jawad, Usman"
            }
          },
          "sensitive_attributes": [],
          "private": "bnVsbA==",
          "dependencies": [
            "aws_eip.nateIP",
            "aws_subnet.priv_subnet",
            "aws_vpc.PublicVPC"
          ]
        }
      ]
    },
    {
      "mode": "managed",
      "type": "aws_network_acl",
      "name": "acl-priv-vpc-subnet-main",
      "provider": "provider[\"registry.terraform.io/hashicorp/aws\"]",
      "instances": [
        {
          "schema_version": 0,
          "attributes": {
            "arn": "arn:aws:ec2:us-west-1:013113200357:network-acl/acl-0a347fbb784d7d553",
            "egress": [
              {
                "action": "allow",
                "cidr_block": "0.0.0.0/0",
                "from_port": 0,
                "icmp_code": null,
                "icmp_type": null,
                "ipv6_cidr_block": "",
                "protocol": "-1",
                "rule_no": 100,
                "to_port": 0
              }
            ],
            "id": "acl-0a347fbb784d7d553",
            "ingress": [
              {
                "action": "allow",
                "cidr_block": "0.0.0.0/0",
                "from_port": 0,
                "icmp_code": null,
                "icmp_type": null,
                "ipv6_cidr_block": "",
                "protocol": "-1",
                "rule_no": 100,
                "to_port": 0
              }
            ],
            "owner_id": "013113200357",
            "subnet_ids": [],
            "tags": {
              "Name": "acl-priv-vpc-subnet-main"
            },
            "tags_all": {
              "Name": "acl-priv-vpc-subnet-main"
            },
            "vpc_id": "vpc-0257c1b84ee389dc8"
          },
          "sensitive_attributes": [],
          "private": "bnVsbA==",
          "dependencies": [
            "aws_vpc.PrivateVPC"
          ]
        }
      ]
    },
    {
      "mode": "managed",
      "type": "aws_network_acl",
      "name": "acl-pub-vpc-subnet-external-1",
      "provider": "provider[\"registry.terraform.io/hashicorp/aws\"]",
      "instances": [
        {
          "schema_version": 0,
          "attributes": {
            "arn": "arn:aws:ec2:us-west-1:013113200357:network-acl/acl-0b6f4f186878c40d6",
            "egress": [
              {
                "action": "allow",
                "cidr_block": "0.0.0.0/0",
                "from_port": 0,
                "icmp_code": 0,
                "icmp_type": 0,
                "ipv6_cidr_block": "",
                "protocol": "-1",
                "rule_no": 100,
                "to_port": 0
              }
            ],
            "id": "acl-0b6f4f186878c40d6",
            "ingress": [
              {
                "action": "allow",
                "cidr_block": "0.0.0.0/0",
                "from_port": 0,
                "icmp_code": 0,
                "icmp_type": 0,
                "ipv6_cidr_block": "",
                "protocol": "-1",
                "rule_no": 100,
                "to_port": 0
              }
            ],
            "owner_id": "013113200357",
            "subnet_ids": [
              "subnet-053d63334f45e1632"
            ],
            "tags": {
              "Name": "acl-pub-vpc-subnet-external-1"
            },
            "tags_all": {
              "Name": "acl-pub-vpc-subnet-external-1"
            },
            "vpc_id": "vpc-0f05d471771a8bd10"
          },
          "sensitive_attributes": [],
          "private": "bnVsbA==",
          "dependencies": [
            "aws_vpc.PublicVPC"
          ]
        }
      ]
    },
    {
      "mode": "managed",
      "type": "aws_network_acl",
      "name": "acl-pub-vpc-subnet-internal-1",
      "provider": "provider[\"registry.terraform.io/hashicorp/aws\"]",
      "instances": [
        {
          "schema_version": 0,
          "attributes": {
            "arn": "arn:aws:ec2:us-west-1:013113200357:network-acl/acl-0518ec5ee99fd4505",
            "egress": [
              {
                "action": "allow",
                "cidr_block": "0.0.0.0/0",
                "from_port": 0,
                "icmp_code": 0,
                "icmp_type": 0,
                "ipv6_cidr_block": "",
                "protocol": "-1",
                "rule_no": 100,
                "to_port": 0
              }
            ],
            "id": "acl-0518ec5ee99fd4505",
            "ingress": [
              {
                "action": "allow",
                "cidr_block": "0.0.0.0/0",
                "from_port": 0,
                "icmp_code": 0,
                "icmp_type": 0,
                "ipv6_cidr_block": "",
                "protocol": "-1",
                "rule_no": 100,
                "to_port": 0
              }
            ],
            "owner_id": "013113200357",
            "subnet_ids": [
              "subnet-0c36b37c2f9f9db3d"
            ],
            "tags": {
              "Name": "acl-pub-vpc-subnet-internal-1"
            },
            "tags_all": {
              "Name": "acl-pub-vpc-subnet-internal-1"
            },
            "vpc_id": "vpc-0f05d471771a8bd10"
          },
          "sensitive_attributes": [],
          "private": "bnVsbA==",
          "dependencies": [
            "aws_vpc.PublicVPC"
          ]
        }
      ]
    },
    {
      "mode": "managed",
      "type": "aws_network_acl_association",
      "name": "external-1-acl",
      "provider": "provider[\"registry.terraform.io/hashicorp/aws\"]",
      "instances": [
        {
          "schema_version": 0,
          "attributes": {
            "id": "aclassoc-0e0683de0c350d21a",
            "network_acl_id": "acl-0b6f4f186878c40d6",
            "subnet_id": "subnet-053d63334f45e1632"
          },
          "sensitive_attributes": [],
          "private": "bnVsbA==",
          "dependencies": [
            "aws_network_acl.acl-pub-vpc-subnet-external-1",
            "aws_subnet.pub_subnet",
            "aws_vpc.PublicVPC"
          ]
        }
      ]
    },
    {
      "mode": "managed",
      "type": "aws_network_acl_association",
      "name": "internal-1-acl",
      "provider": "provider[\"registry.terraform.io/hashicorp/aws\"]",
      "instances": [
        {
          "schema_version": 0,
          "attributes": {
            "id": "aclassoc-0278e7a7590549830",
            "network_acl_id": "acl-0518ec5ee99fd4505",
            "subnet_id": "subnet-0c36b37c2f9f9db3d"
          },
          "sensitive_attributes": [],
          "private": "bnVsbA==",
          "dependencies": [
            "aws_network_acl.acl-pub-vpc-subnet-internal-1",
            "aws_subnet.priv_subnet",
            "aws_vpc.PublicVPC"
          ]
        }
      ]
    },
    {
      "mode": "managed",
      "type": "aws_network_acl_association",
      "name": "main-acl",
      "provider": "provider[\"registry.terraform.io/hashicorp/aws\"]",
      "instances": [
        {
          "schema_version": 0,
          "attributes": {
            "id": "aclassoc-0721d8ebc72432b91",
            "network_acl_id": "acl-0a347fbb784d7d553",
            "subnet_id": "subnet-0376d509b1b52c135"
          },
          "sensitive_attributes": [],
          "private": "bnVsbA==",
          "dependencies": [
            "aws_network_acl.acl-priv-vpc-subnet-main",
            "aws_subnet.main_subnet",
            "aws_vpc.PrivateVPC"
          ]
        }
      ]
    },
    {
      "mode": "managed",
      "type": "aws_route_table",
      "name": "PrivateRT",
      "provider": "provider[\"registry.terraform.io/hashicorp/aws\"]",
      "instances": [
        {
          "schema_version": 0,
          "attributes": {
            "arn": "arn:aws:ec2:us-west-1:013113200357:route-table/rtb-0cca2393993ec5208",
            "id": "rtb-0cca2393993ec5208",
            "owner_id": "013113200357",
            "propagating_vgws": [],
            "route": [
              {
                "carrier_gateway_id": "",
                "cidr_block": "0.0.0.0/0",
                "core_network_arn": "",
                "destination_prefix_list_id": "",
                "egress_only_gateway_id": "",
                "gateway_id": "",
                "instance_id": "",
                "ipv6_cidr_block": "",
                "local_gateway_id": "",
                "nat_gateway_id": "nat-0d44cd208c86f91f7",
                "network_interface_id": "",
                "transit_gateway_id": "",
                "vpc_endpoint_id": "",
                "vpc_peering_connection_id": ""
              }
            ],
            "tags": {
              "Author": "Usman Aslam",
              "Name": "Public VPC: RT Private Subnet",
              "Team": "John, Afreen, Jawad, Usman"
            },
            "tags_all": {
              "Author": "Usman Aslam",
              "Name": "Public VPC: RT Private Subnet",
              "Team": "John, Afreen, Jawad, Usman"
            },
            "timeouts": null,
            "vpc_id": "vpc-0f05d471771a8bd10"
          },
          "sensitive_attributes": [],
          "private": "eyJlMmJmYjczMC1lY2FhLTExZTYtOGY4OC0zNDM2M2JjN2M0YzAiOnsiY3JlYXRlIjozMDAwMDAwMDAwMDAsImRlbGV0ZSI6MzAwMDAwMDAwMDAwLCJ1cGRhdGUiOjEyMDAwMDAwMDAwMH19",
          "dependencies": [
            "aws_eip.nateIP",
            "aws_nat_gateway.NATgw",
            "aws_subnet.priv_subnet",
            "aws_vpc.PublicVPC"
          ]
        }
      ]
    },
    {
      "mode": "managed",
      "type": "aws_route_table",
      "name": "PublicRT",
      "provider": "provider[\"registry.terraform.io/hashicorp/aws\"]",
      "instances": [
        {
          "schema_version": 0,
          "attributes": {
            "arn": "arn:aws:ec2:us-west-1:013113200357:route-table/rtb-03b2b61698b3b5816",
            "id": "rtb-03b2b61698b3b5816",
            "owner_id": "013113200357",
            "propagating_vgws": [],
            "route": [
              {
                "carrier_gateway_id": "",
                "cidr_block": "0.0.0.0/0",
                "core_network_arn": "",
                "destination_prefix_list_id": "",
                "egress_only_gateway_id": "",
                "gateway_id": "igw-0c257d0c29ed9506c",
                "instance_id": "",
                "ipv6_cidr_block": "",
                "local_gateway_id": "",
                "nat_gateway_id": "",
                "network_interface_id": "",
                "transit_gateway_id": "",
                "vpc_endpoint_id": "",
                "vpc_peering_connection_id": ""
              }
            ],
            "tags": {
              "Author": "Usman Aslam",
              "Name": "Public VPC: RT Public Subnet",
              "Team": "John, Afreen, Jawad, Usman"
            },
            "tags_all": {
              "Author": "Usman Aslam",
              "Name": "Public VPC: RT Public Subnet",
              "Team": "John, Afreen, Jawad, Usman"
            },
            "timeouts": null,
            "vpc_id": "vpc-0f05d471771a8bd10"
          },
          "sensitive_attributes": [],
          "private": "eyJlMmJmYjczMC1lY2FhLTExZTYtOGY4OC0zNDM2M2JjN2M0YzAiOnsiY3JlYXRlIjozMDAwMDAwMDAwMDAsImRlbGV0ZSI6MzAwMDAwMDAwMDAwLCJ1cGRhdGUiOjEyMDAwMDAwMDAwMH19",
          "dependencies": [
            "aws_internet_gateway.IGW",
            "aws_vpc.PublicVPC"
          ]
        }
      ]
    },
    {
      "mode": "managed",
      "type": "aws_route_table",
      "name": "RT",
      "provider": "provider[\"registry.terraform.io/hashicorp/aws\"]",
      "instances": [
        {
          "schema_version": 0,
          "attributes": {
            "arn": "arn:aws:ec2:us-west-1:013113200357:route-table/rtb-07a910401b22f7fce",
            "id": "rtb-07a910401b22f7fce",
            "owner_id": "013113200357",
            "propagating_vgws": [],
            "route": [],
            "tags": {
              "Author": "Usman Aslam",
              "Name": "Private VPC: RT Internal Subnet",
              "Team": "John, Afreen, Jawad, Usman"
            },
            "tags_all": {
              "Author": "Usman Aslam",
              "Name": "Private VPC: RT Internal Subnet",
              "Team": "John, Afreen, Jawad, Usman"
            },
            "timeouts": null,
            "vpc_id": "vpc-0257c1b84ee389dc8"
          },
          "sensitive_attributes": [],
          "private": "eyJlMmJmYjczMC1lY2FhLTExZTYtOGY4OC0zNDM2M2JjN2M0YzAiOnsiY3JlYXRlIjozMDAwMDAwMDAwMDAsImRlbGV0ZSI6MzAwMDAwMDAwMDAwLCJ1cGRhdGUiOjEyMDAwMDAwMDAwMH19",
          "dependencies": [
            "aws_vpc.PrivateVPC"
          ]
        }
      ]
    },
    {
      "mode": "managed",
      "type": "aws_route_table_association",
      "name": "PrivateRTassociation",
      "provider": "provider[\"registry.terraform.io/hashicorp/aws\"]",
      "instances": [
        {
          "schema_version": 0,
          "attributes": {
            "gateway_id": "",
            "id": "rtbassoc-0ae34036dd7af7255",
            "route_table_id": "rtb-0cca2393993ec5208",
            "subnet_id": "subnet-0c36b37c2f9f9db3d"
          },
          "sensitive_attributes": [],
          "private": "bnVsbA==",
          "dependencies": [
            "aws_eip.nateIP",
            "aws_nat_gateway.NATgw",
            "aws_route_table.PrivateRT",
            "aws_subnet.priv_subnet",
            "aws_vpc.PublicVPC"
          ]
        }
      ]
    },
    {
      "mode": "managed",
      "type": "aws_route_table_association",
      "name": "PublicRTassociation",
      "provider": "provider[\"registry.terraform.io/hashicorp/aws\"]",
      "instances": [
        {
          "schema_version": 0,
          "attributes": {
            "gateway_id": "",
            "id": "rtbassoc-06f66bd1a7f819d53",
            "route_table_id": "rtb-03b2b61698b3b5816",
            "subnet_id": "subnet-053d63334f45e1632"
          },
          "sensitive_attributes": [],
          "private": "bnVsbA==",
          "dependencies": [
            "aws_internet_gateway.IGW",
            "aws_route_table.PublicRT",
            "aws_subnet.pub_subnet",
            "aws_vpc.PublicVPC"
          ]
        }
      ]
    },
    {
      "mode": "managed",
      "type": "aws_route_table_association",
      "name": "RTassociation",
      "provider": "provider[\"registry.terraform.io/hashicorp/aws\"]",
      "instances": [
        {
          "schema_version": 0,
          "attributes": {
            "gateway_id": "",
            "id": "rtbassoc-08c968245f37b9108",
            "route_table_id": "rtb-07a910401b22f7fce",
            "subnet_id": "subnet-0376d509b1b52c135"
          },
          "sensitive_attributes": [],
          "private": "bnVsbA==",
          "dependencies": [
            "aws_route_table.RT",
            "aws_subnet.main_subnet",
            "aws_vpc.PrivateVPC"
          ]
        }
      ]
    },
    {
      "mode": "managed",
      "type": "aws_subnet",
      "name": "main_subnet",
      "provider": "provider[\"registry.terraform.io/hashicorp/aws\"]",
      "instances": [
        {
          "schema_version": 1,
          "attributes": {
            "arn": "arn:aws:ec2:us-west-1:013113200357:subnet/subnet-0376d509b1b52c135",
            "assign_ipv6_address_on_creation": false,
            "availability_zone": "us-west-1a",
            "availability_zone_id": "usw1-az1",
            "cidr_block": "10.20.2.0/24",
            "customer_owned_ipv4_pool": "",
            "enable_dns64": false,
            "enable_resource_name_dns_a_record_on_launch": false,
            "enable_resource_name_dns_aaaa_record_on_launch": false,
            "id": "subnet-0376d509b1b52c135",
            "ipv6_cidr_block": "",
            "ipv6_cidr_block_association_id": "",
            "ipv6_native": false,
            "map_customer_owned_ip_on_launch": false,
            "map_public_ip_on_launch": false,
            "outpost_arn": "",
            "owner_id": "013113200357",
            "private_dns_hostname_type_on_launch": "ip-name",
            "tags": {
              "Author": "Usman Aslam",
              "Name": "Ptivate VPC: Internal Subnet",
              "Team": "John, Afreen, Jawad, Usman"
            },
            "tags_all": {
              "Author": "Usman Aslam",
              "Name": "Ptivate VPC: Internal Subnet",
              "Team": "John, Afreen, Jawad, Usman"
            },
            "timeouts": null,
            "vpc_id": "vpc-0257c1b84ee389dc8"
          },
          "sensitive_attributes": [],
          "private": "eyJlMmJmYjczMC1lY2FhLTExZTYtOGY4OC0zNDM2M2JjN2M0YzAiOnsiY3JlYXRlIjo2MDAwMDAwMDAwMDAsImRlbGV0ZSI6MTIwMDAwMDAwMDAwMH0sInNjaGVtYV92ZXJzaW9uIjoiMSJ9",
          "dependencies": [
            "aws_vpc.PrivateVPC"
          ]
        }
      ]
    },
    {
      "mode": "managed",
      "type": "aws_subnet",
      "name": "priv_subnet",
      "provider": "provider[\"registry.terraform.io/hashicorp/aws\"]",
      "instances": [
        {
          "schema_version": 1,
          "attributes": {
            "arn": "arn:aws:ec2:us-west-1:013113200357:subnet/subnet-0c36b37c2f9f9db3d",
            "assign_ipv6_address_on_creation": false,
            "availability_zone": "us-west-1c",
            "availability_zone_id": "usw1-az3",
            "cidr_block": "10.10.2.0/24",
            "customer_owned_ipv4_pool": "",
            "enable_dns64": false,
            "enable_resource_name_dns_a_record_on_launch": false,
            "enable_resource_name_dns_aaaa_record_on_launch": false,
            "id": "subnet-0c36b37c2f9f9db3d",
            "ipv6_cidr_block": "",
            "ipv6_cidr_block_association_id": "",
            "ipv6_native": false,
            "map_customer_owned_ip_on_launch": false,
            "map_public_ip_on_launch": false,
            "outpost_arn": "",
            "owner_id": "013113200357",
            "private_dns_hostname_type_on_launch": "ip-name",
            "tags": {
              "Author": "Usman Aslam",
              "Name": "Public VPC: Internal Subnet",
              "Team": "John, Afreen, Jawad, Usman"
            },
            "tags_all": {
              "Author": "Usman Aslam",
              "Name": "Public VPC: Internal Subnet",
              "Team": "John, Afreen, Jawad, Usman"
            },
            "timeouts": null,
            "vpc_id": "vpc-0f05d471771a8bd10"
          },
          "sensitive_attributes": [],
          "private": "eyJlMmJmYjczMC1lY2FhLTExZTYtOGY4OC0zNDM2M2JjN2M0YzAiOnsiY3JlYXRlIjo2MDAwMDAwMDAwMDAsImRlbGV0ZSI6MTIwMDAwMDAwMDAwMH0sInNjaGVtYV92ZXJzaW9uIjoiMSJ9",
          "dependencies": [
            "aws_vpc.PublicVPC"
          ]
        }
      ]
    },
    {
      "mode": "managed",
      "type": "aws_subnet",
      "name": "pub_subnet",
      "provider": "provider[\"registry.terraform.io/hashicorp/aws\"]",
      "instances": [
        {
          "schema_version": 1,
          "attributes": {
            "arn": "arn:aws:ec2:us-west-1:013113200357:subnet/subnet-053d63334f45e1632",
            "assign_ipv6_address_on_creation": false,
            "availability_zone": "us-west-1a",
            "availability_zone_id": "usw1-az1",
            "cidr_block": "10.10.1.0/24",
            "customer_owned_ipv4_pool": "",
            "enable_dns64": false,
            "enable_resource_name_dns_a_record_on_launch": false,
            "enable_resource_name_dns_aaaa_record_on_launch": false,
            "id": "subnet-053d63334f45e1632",
            "ipv6_cidr_block": "",
            "ipv6_cidr_block_association_id": "",
            "ipv6_native": false,
            "map_customer_owned_ip_on_launch": false,
            "map_public_ip_on_launch": true,
            "outpost_arn": "",
            "owner_id": "013113200357",
            "private_dns_hostname_type_on_launch": "ip-name",
            "tags": {
              "Author": "Usman Aslam",
              "Name": "Public VPC: Public Facing Subnet",
              "Team": "John, Afreen, Jawad, Usman"
            },
            "tags_all": {
              "Author": "Usman Aslam",
              "Name": "Public VPC: Public Facing Subnet",
              "Team": "John, Afreen, Jawad, Usman"
            },
            "timeouts": null,
            "vpc_id": "vpc-0f05d471771a8bd10"
          },
          "sensitive_attributes": [],
          "private": "eyJlMmJmYjczMC1lY2FhLTExZTYtOGY4OC0zNDM2M2JjN2M0YzAiOnsiY3JlYXRlIjo2MDAwMDAwMDAwMDAsImRlbGV0ZSI6MTIwMDAwMDAwMDAwMH0sInNjaGVtYV92ZXJzaW9uIjoiMSJ9",
          "dependencies": [
            "aws_vpc.PublicVPC"
          ]
        }
      ]
    },
    {
      "mode": "managed",
      "type": "aws_vpc",
      "name": "PrivateVPC",
      "provider": "provider[\"registry.terraform.io/hashicorp/aws\"]",
      "instances": [
        {
          "schema_version": 1,
          "attributes": {
            "arn": "arn:aws:ec2:us-west-1:013113200357:vpc/vpc-0257c1b84ee389dc8",
            "assign_generated_ipv6_cidr_block": false,
            "cidr_block": "10.20.0.0/16",
            "default_network_acl_id": "acl-07be078eca7d39dd7",
            "default_route_table_id": "rtb-077d3fbc74ea84808",
            "default_security_group_id": "sg-0e5247ac4dd300bad",
            "dhcp_options_id": "dopt-77184110",
            "enable_classiclink": false,
            "enable_classiclink_dns_support": false,
            "enable_dns_hostnames": false,
            "enable_dns_support": true,
            "id": "vpc-0257c1b84ee389dc8",
            "instance_tenancy": "default",
            "ipv4_ipam_pool_id": null,
            "ipv4_netmask_length": null,
            "ipv6_association_id": "",
            "ipv6_cidr_block": "",
            "ipv6_cidr_block_network_border_group": "",
            "ipv6_ipam_pool_id": "",
            "ipv6_netmask_length": 0,
            "main_route_table_id": "rtb-077d3fbc74ea84808",
            "owner_id": "013113200357",
            "tags": {
              "Author": "Usman Aslam",
              "Name": "595-VPC-Private",
              "Team": "John, Afreen, Jawad, Usman"
            },
            "tags_all": {
              "Author": "Usman Aslam",
              "Name": "595-VPC-Private",
              "Team": "John, Afreen, Jawad, Usman"
            }
          },
          "sensitive_attributes": [],
          "private": "eyJzY2hlbWFfdmVyc2lvbiI6IjEifQ=="
        }
      ]
    },
    {
      "mode": "managed",
      "type": "aws_vpc",
      "name": "PublicVPC",
      "provider": "provider[\"registry.terraform.io/hashicorp/aws\"]",
      "instances": [
        {
          "schema_version": 1,
          "attributes": {
            "arn": "arn:aws:ec2:us-west-1:013113200357:vpc/vpc-0f05d471771a8bd10",
            "assign_generated_ipv6_cidr_block": false,
            "cidr_block": "10.10.0.0/16",
            "default_network_acl_id": "acl-058a5f6bde4320fd2",
            "default_route_table_id": "rtb-004c0adc5cd9f4d34",
            "default_security_group_id": "sg-0f74962e4c4d87bc0",
            "dhcp_options_id": "dopt-77184110",
            "enable_classiclink": false,
            "enable_classiclink_dns_support": false,
            "enable_dns_hostnames": false,
            "enable_dns_support": true,
            "id": "vpc-0f05d471771a8bd10",
            "instance_tenancy": "default",
            "ipv4_ipam_pool_id": null,
            "ipv4_netmask_length": null,
            "ipv6_association_id": "",
            "ipv6_cidr_block": "",
            "ipv6_cidr_block_network_border_group": "",
            "ipv6_ipam_pool_id": "",
            "ipv6_netmask_length": 0,
            "main_route_table_id": "rtb-004c0adc5cd9f4d34",
            "owner_id": "013113200357",
            "tags": {
              "Author": "Usman Aslam",
              "Name": "595-VPC-Public",
              "Team": "John, Afreen, Jawad, Usman"
            },
            "tags_all": {
              "Author": "Usman Aslam",
              "Name": "595-VPC-Public",
              "Team": "John, Afreen, Jawad, Usman"
            }
          },
          "sensitive_attributes": [],
          "private": "eyJzY2hlbWFfdmVyc2lvbiI6IjEifQ=="
        }
      ]
    }
  ]
}
